
Microsoft Visual Studio Solution File, Format Version 12.00
# Visual Studio Version 16
VisualStudioVersion = 16.0.30907.101
MinimumVisualStudioVersion = 10.0.40219.1
Project("{FAE04EC0-301F-11D3-BF4B-00C04F79EFBC}") = "lab11", "lab11\lab11.csproj", "{FF2AA054-C021-470A-A0F2-3150C261D666}"
EndProject
Global
	GlobalSection(SolutionConfigurationPlatforms) = preSolution
		Debug|Any CPU = Debug|Any CPU
		Release|Any CPU = Release|Any CPU
	EndGlobalSection
	GlobalSection(ProjectConfigurationPlatforms) = postSolution
		{FF2AA054-C021-470A-A0F2-3150C261D666}.Debug|Any CPU.ActiveCfg = Debug|Any CPU
		{FF2AA054-C021-470A-A0F2-3150C261D666}.Debug|Any CPU.Build.0 = Debug|Any CPU
		{FF2AA054-C021-470A-A0F2-3150C261D666}.Release|Any CPU.ActiveCfg = Release|Any CPU
		{FF2AA054-C021-470A-A0F2-3150C261D666}.Release|Any CPU.Build.0 = Release|Any CPU
	EndGlobalSection
	GlobalSection(SolutionProperties) = preSolution
		HideSolutionNode = FALSE
	EndGlobalSection
	GlobalSection(ExtensibilityGlobals) = postSolution
		SolutionGuid = {04062E68-EECD-40E4-BC9F-D72C07BBCA98}
	EndGlobalSection
EndGlobal
